
Microsoft Visual Studio Solution File, Format Version 12.00
# Visual Studio Version 17
VisualStudioVersion = 17.14.36518.9 d17.14
MinimumVisualStudioVersion = 10.0.40219.1
Project("{FAE04EC0-301F-11D3-BF4B-00C04F79EFBC}") = "sistema-undo-pilha", "sistema-undo-pilha\sistema-undo-pilha.csproj", "{CD9D4EE8-54F7-4F81-A446-FF0451B56D18}"
EndProject
Global
	GlobalSection(SolutionConfigurationPlatforms) = preSolution
		Debug|Any CPU = Debug|Any CPU
		Release|Any CPU = Release|Any CPU
	EndGlobalSection
	GlobalSection(ProjectConfigurationPlatforms) = postSolution
		{CD9D4EE8-54F7-4F81-A446-FF0451B56D18}.Debug|Any CPU.ActiveCfg = Debug|Any CPU
		{CD9D4EE8-54F7-4F81-A446-FF0451B56D18}.Debug|Any CPU.Build.0 = Debug|Any CPU
		{CD9D4EE8-54F7-4F81-A446-FF0451B56D18}.Release|Any CPU.ActiveCfg = Release|Any CPU
		{CD9D4EE8-54F7-4F81-A446-FF0451B56D18}.Release|Any CPU.Build.0 = Release|Any CPU
	EndGlobalSection
	GlobalSection(SolutionProperties) = preSolution
		HideSolutionNode = FALSE
	EndGlobalSection
	GlobalSection(ExtensibilityGlobals) = postSolution
		SolutionGuid = {9C6696B0-D9D4-4B74-BD6A-03ED534470F1}
	EndGlobalSection
EndGlobal
